
Microsoft Visual Studio Solution File, Format Version 12.00
# Visual Studio Version 17
VisualStudioVersion = 17.0.31903.59
MinimumVisualStudioVersion = 10.0.40219.1
Project("{FAE04EC0-301F-11D3-BF4B-00C04F79EFBC}") = "Shortner.Web", "Shortner.Web\Shortner.Web.csproj", "{86DA19C3-DC09-41F7-B7D2-1A963C7433E1}"
EndProject
Project("{2150E333-8FDC-42A3-9474-1A3956D46DE8}") = "Tests", "Tests", "{26445239-3A83-4039-809F-9C44A36B791E}"
EndProject
Project("{FAE04EC0-301F-11D3-BF4B-00C04F79EFBC}") = "Shortner.Tests", "Tests\Shortner.Tests\Shortner.Tests.csproj", "{D0E1CE9B-D1B6-4A2E-B23A-873ACE392857}"
EndProject
Global
	GlobalSection(SolutionConfigurationPlatforms) = preSolution
		Debug|Any CPU = Debug|Any CPU
		Release|Any CPU = Release|Any CPU
	EndGlobalSection
	GlobalSection(ProjectConfigurationPlatforms) = postSolution
		{86DA19C3-DC09-41F7-B7D2-1A963C7433E1}.Debug|Any CPU.ActiveCfg = Debug|Any CPU
		{86DA19C3-DC09-41F7-B7D2-1A963C7433E1}.Debug|Any CPU.Build.0 = Debug|Any CPU
		{86DA19C3-DC09-41F7-B7D2-1A963C7433E1}.Release|Any CPU.ActiveCfg = Release|Any CPU
		{86DA19C3-DC09-41F7-B7D2-1A963C7433E1}.Release|Any CPU.Build.0 = Release|Any CPU
		{D0E1CE9B-D1B6-4A2E-B23A-873ACE392857}.Debug|Any CPU.ActiveCfg = Debug|Any CPU
		{D0E1CE9B-D1B6-4A2E-B23A-873ACE392857}.Debug|Any CPU.Build.0 = Debug|Any CPU
		{D0E1CE9B-D1B6-4A2E-B23A-873ACE392857}.Release|Any CPU.ActiveCfg = Release|Any CPU
		{D0E1CE9B-D1B6-4A2E-B23A-873ACE392857}.Release|Any CPU.Build.0 = Release|Any CPU
	EndGlobalSection
	GlobalSection(SolutionProperties) = preSolution
		HideSolutionNode = FALSE
	EndGlobalSection
	GlobalSection(NestedProjects) = preSolution
		{D0E1CE9B-D1B6-4A2E-B23A-873ACE392857} = {26445239-3A83-4039-809F-9C44A36B791E}
	EndGlobalSection
	GlobalSection(ExtensibilityGlobals) = postSolution
		SolutionGuid = {D0B27D00-7288-4B1B-B3F7-B928968D036E}
	EndGlobalSection
EndGlobal
